Microsoft Visual Studio Solution File, Format Version 12.00
# Visual Studio Version 17
VisualStudioVersion = 17.9.34607.119
MinimumVisualStudioVersion = 10.0.40219.1
Project("{2150E333-8FDC-42A3-9474-1A3956D46DE8}") = "Solution Items", "Solution Items", "{63255576-0EB7-4423-8E83-5A515A4B13E5}"
	ProjectSection(SolutionItems) = preProject
		src\StoreOnWheels.Server\.editorconfig = src\StoreOnWheels.Server\.editorconfig
		.gitignore = .gitignore
		README.md = README.md
		store_on_wheels_preview.gif = store_on_wheels_preview.gif
	EndProjectSection
EndProject
Project("{54A90642-561A-4BB1-A94E-469ADEE60C69}") = "storeonwheels.client", "src\storeonwheels.client\storeonwheels.client.esproj", "{0B32994A-9790-48AC-8899-FE7EF79E5A02}"
EndProject
Project("{9A19103F-16F7-4668-BE54-9A1E7A4F7556}") = "StoreOnWheels.Server", "src\StoreOnWheels.Server\StoreOnWheels.Server.csproj", "{D3864E6A-99E5-4282-B5EE-AF4DA1481842}"
EndProject
Project("{2150E333-8FDC-42A3-9474-1A3956D46DE8}") = "src", "src", "{F0A221BA-10D0-46AA-B6F3-8A881779FA7D}"
EndProject
Project("{2150E333-8FDC-42A3-9474-1A3956D46DE8}") = "tests", "tests", "{D8A79F7B-84F3-4045-B3ED-FA861DA1A2C8}"
EndProject
Project("{9A19103F-16F7-4668-BE54-9A1E7A4F7556}") = "StoreOnWheels.Server.Test.Integration", "tests\StoreOnWheels.Server.Test.Integration\StoreOnWheels.Server.Test.Integration.csproj", "{EF18603D-5B8C-484A-BFE2-201CA6F19879}"
EndProject
Global
	GlobalSection(SolutionConfigurationPlatforms) = preSolution
		Debug|Any CPU = Debug|Any CPU
		Release|Any CPU = Release|Any CPU
	EndGlobalSection
	GlobalSection(ProjectConfigurationPlatforms) = postSolution
		{0B32994A-9790-48AC-8899-FE7EF79E5A02}.Debug|Any CPU.ActiveCfg = Debug|Any CPU
		{0B32994A-9790-48AC-8899-FE7EF79E5A02}.Debug|Any CPU.Build.0 = Debug|Any CPU
		{0B32994A-9790-48AC-8899-FE7EF79E5A02}.Debug|Any CPU.Deploy.0 = Debug|Any CPU
		{0B32994A-9790-48AC-8899-FE7EF79E5A02}.Release|Any CPU.ActiveCfg = Release|Any CPU
		{0B32994A-9790-48AC-8899-FE7EF79E5A02}.Release|Any CPU.Build.0 = Release|Any CPU
		{0B32994A-9790-48AC-8899-FE7EF79E5A02}.Release|Any CPU.Deploy.0 = Release|Any CPU
		{D3864E6A-99E5-4282-B5EE-AF4DA1481842}.Debug|Any CPU.ActiveCfg = Debug|Any CPU
		{D3864E6A-99E5-4282-B5EE-AF4DA1481842}.Debug|Any CPU.Build.0 = Debug|Any CPU
		{D3864E6A-99E5-4282-B5EE-AF4DA1481842}.Release|Any CPU.ActiveCfg = Release|Any CPU
		{D3864E6A-99E5-4282-B5EE-AF4DA1481842}.Release|Any CPU.Build.0 = Release|Any CPU
		{EF18603D-5B8C-484A-BFE2-201CA6F19879}.Debug|Any CPU.ActiveCfg = Debug|Any CPU
		{EF18603D-5B8C-484A-BFE2-201CA6F19879}.Debug|Any CPU.Build.0 = Debug|Any CPU
		{EF18603D-5B8C-484A-BFE2-201CA6F19879}.Release|Any CPU.ActiveCfg = Release|Any CPU
		{EF18603D-5B8C-484A-BFE2-201CA6F19879}.Release|Any CPU.Build.0 = Release|Any CPU
	EndGlobalSection
	GlobalSection(SolutionProperties) = preSolution
		HideSolutionNode = FALSE
	EndGlobalSection
	GlobalSection(NestedProjects) = preSolution
		{0B32994A-9790-48AC-8899-FE7EF79E5A02} = {F0A221BA-10D0-46AA-B6F3-8A881779FA7D}
		{D3864E6A-99E5-4282-B5EE-AF4DA1481842} = {F0A221BA-10D0-46AA-B6F3-8A881779FA7D}
		{EF18603D-5B8C-484A-BFE2-201CA6F19879} = {D8A79F7B-84F3-4045-B3ED-FA861DA1A2C8}
	EndGlobalSection
	GlobalSection(ExtensibilityGlobals) = postSolution
		SolutionGuid = {1AD035BD-C2BF-4757-B355-0C9CB3787FE5}
	EndGlobalSection
EndGlobal
