
Microsoft Visual Studio Solution File, Format Version 12.00
# Visual Studio Version 17
VisualStudioVersion = 17.9.34607.119
MinimumVisualStudioVersion = 10.0.40219.1
Project("{9A19103F-16F7-4668-BE54-9A1E7A4F7556}") = "StoreOnWheels.Server", "StoreOnWheels.Server\StoreOnWheels.Server.csproj", "{EF5D3229-EF07-4DBC-ABCA-A90E7CEB7875}"
EndProject
Project("{54A90642-561A-4BB1-A94E-469ADEE60C69}") = "storeonwheels.client", "storeonwheels.client\storeonwheels.client.esproj", "{32078EB4-4472-4634-91BF-550916158A53}"
EndProject
Project("{2150E333-8FDC-42A3-9474-1A3956D46DE8}") = "Solution Items", "Solution Items", "{63255576-0EB7-4423-8E83-5A515A4B13E5}"
EndProject
Global
	GlobalSection(SolutionConfigurationPlatforms) = preSolution
		Debug|Any CPU = Debug|Any CPU
		Release|Any CPU = Release|Any CPU
	EndGlobalSection
	GlobalSection(ProjectConfigurationPlatforms) = postSolution
		{EF5D3229-EF07-4DBC-ABCA-A90E7CEB7875}.Debug|Any CPU.ActiveCfg = Debug|Any CPU
		{EF5D3229-EF07-4DBC-ABCA-A90E7CEB7875}.Debug|Any CPU.Build.0 = Debug|Any CPU
		{EF5D3229-EF07-4DBC-ABCA-A90E7CEB7875}.Release|Any CPU.ActiveCfg = Release|Any CPU
		{EF5D3229-EF07-4DBC-ABCA-A90E7CEB7875}.Release|Any CPU.Build.0 = Release|Any CPU
		{32078EB4-4472-4634-91BF-550916158A53}.Debug|Any CPU.ActiveCfg = Debug|Any CPU
		{32078EB4-4472-4634-91BF-550916158A53}.Debug|Any CPU.Build.0 = Debug|Any CPU
		{32078EB4-4472-4634-91BF-550916158A53}.Debug|Any CPU.Deploy.0 = Debug|Any CPU
		{32078EB4-4472-4634-91BF-550916158A53}.Release|Any CPU.ActiveCfg = Release|Any CPU
		{32078EB4-4472-4634-91BF-550916158A53}.Release|Any CPU.Build.0 = Release|Any CPU
		{32078EB4-4472-4634-91BF-550916158A53}.Release|Any CPU.Deploy.0 = Release|Any CPU
	EndGlobalSection
	GlobalSection(SolutionProperties) = preSolution
		HideSolutionNode = FALSE
	EndGlobalSection
	GlobalSection(ExtensibilityGlobals) = postSolution
		SolutionGuid = {1AD035BD-C2BF-4757-B355-0C9CB3787FE5}
	EndGlobalSection
EndGlobal
