
Microsoft Visual Studio Solution File, Format Version 12.00
# Visual Studio Version 17
VisualStudioVersion = 17.5.002.0
MinimumVisualStudioVersion = 10.0.40219.1
Project("{9A19103F-16F7-4668-BE54-9A1E7A4F7556}") = "Terraform", "Terraform\Terraform.csproj", "{B14B1C96-9EAA-4ED2-817B-2BE04E675510}"
EndProject
Global
	GlobalSection(SolutionConfigurationPlatforms) = preSolution
		Debug|Any CPU = Debug|Any CPU
		Release|Any CPU = Release|Any CPU
	EndGlobalSection
	GlobalSection(ProjectConfigurationPlatforms) = postSolution
		{B14B1C96-9EAA-4ED2-817B-2BE04E675510}.Debug|Any CPU.ActiveCfg = Debug|Any CPU
		{B14B1C96-9EAA-4ED2-817B-2BE04E675510}.Debug|Any CPU.Build.0 = Debug|Any CPU
		{B14B1C96-9EAA-4ED2-817B-2BE04E675510}.Release|Any CPU.ActiveCfg = Release|Any CPU
		{B14B1C96-9EAA-4ED2-817B-2BE04E675510}.Release|Any CPU.Build.0 = Release|Any CPU
	EndGlobalSection
	GlobalSection(SolutionProperties) = preSolution
		HideSolutionNode = FALSE
	EndGlobalSection
	GlobalSection(ExtensibilityGlobals) = postSolution
		SolutionGuid = {A44B0E5E-7C40-45DC-9F3C-4D87761739D3}
	EndGlobalSection
EndGlobal
